
Microsoft Visual Studio Solution File, Format Version 12.00
# Visual Studio Version 17
VisualStudioVersion = 17.7.34009.444
MinimumVisualStudioVersion = 10.0.40219.1
Project("{FAE04EC0-301F-11D3-BF4B-00C04F79EFBC}") = "Finance WebApi", "Finance WebApi\Finance WebApi.csproj", "{82C971B7-F450-4113-BA26-F53DA2B055B9}"
EndProject
Global
	GlobalSection(SolutionConfigurationPlatforms) = preSolution
		Debug|Any CPU = Debug|Any CPU
		Release|Any CPU = Release|Any CPU
	EndGlobalSection
	GlobalSection(ProjectConfigurationPlatforms) = postSolution
		{82C971B7-F450-4113-BA26-F53DA2B055B9}.Debug|Any CPU.ActiveCfg = Debug|Any CPU
		{82C971B7-F450-4113-BA26-F53DA2B055B9}.Debug|Any CPU.Build.0 = Debug|Any CPU
		{82C971B7-F450-4113-BA26-F53DA2B055B9}.Release|Any CPU.ActiveCfg = Release|Any CPU
		{82C971B7-F450-4113-BA26-F53DA2B055B9}.Release|Any CPU.Build.0 = Release|Any CPU
	EndGlobalSection
	GlobalSection(SolutionProperties) = preSolution
		HideSolutionNode = FALSE
	EndGlobalSection
	GlobalSection(ExtensibilityGlobals) = postSolution
		SolutionGuid = {9ABF0895-19F4-47AE-A932-5AE8BCC1B6CE}
	EndGlobalSection
EndGlobal
